{
  "name": "@animastor/worker-dev",
  "version": "2.1.1",
  "lockfileVersion": 3,
  "requires": true,
  "packages": {
    "": {
      "name": "@animastor/worker-dev",
      "version": "2.1.1",
      "license": "MIT",
      "devDependencies": {
        "@animastor/contracts": "^0.1.1"
      },
      "engines": {
        "node": ">=18"
      }
    },
    "node_modules/@animastor/contracts": {
      "version": "0.1.1",
      "resolved": "https://registry.npmjs.org/@animastor/contracts/-/contracts-0.1.1.tgz",
      "integrity": "sha512-l0EonPEOkWg3x46S/5azPX9Xm9s38c+HoWyrZse0wnq0zNspqaVSLgThMP7nwFGXG7pLCZ3lH8M6KoCZMmojuQ==",
      "dev": true,
      "license": "MIT",
      "engines": {
        "node": ">=18"
      }
    }
  }
}
